
Microsoft Visual Studio Solution File, Format Version 12.00
# Visual Studio 15
VisualStudioVersion = 15.0.28307.902
MinimumVisualStudioVersion = 10.0.40219.1
Project("{8BC9CEB8-8B4A-11D0-8D11-00A0C91BC942}") = "Project1", "Project1.vcxproj", "{F67FD1E5-C8B2-499D-B32C-CA25E9E9B0AF}"
EndProject
Global
	GlobalSection(SolutionConfigurationPlatforms) = preSolution
		Debug|x64 = Debug|x64
		Debug|x86 = Debug|x86
		Release|x64 = Release|x64
		Release|x86 = Release|x86
	EndGlobalSection
	GlobalSection(ProjectConfigurationPlatforms) = postSolution
		{F67FD1E5-C8B2-499D-B32C-CA25E9E9B0AF}.Debug|x64.ActiveCfg = Debug|x64
		{F67FD1E5-C8B2-499D-B32C-CA25E9E9B0AF}.Debug|x64.Build.0 = Debug|x64
		{F67FD1E5-C8B2-499D-B32C-CA25E9E9B0AF}.Debug|x86.ActiveCfg = Debug|Win32
		{F67FD1E5-C8B2-499D-B32C-CA25E9E9B0AF}.Debug|x86.Build.0 = Debug|Win32
		{F67FD1E5-C8B2-499D-B32C-CA25E9E9B0AF}.Release|x64.ActiveCfg = Release|x64
		{F67FD1E5-C8B2-499D-B32C-CA25E9E9B0AF}.Release|x64.Build.0 = Release|x64
		{F67FD1E5-C8B2-499D-B32C-CA25E9E9B0AF}.Release|x86.ActiveCfg = Release|Win32
		{F67FD1E5-C8B2-499D-B32C-CA25E9E9B0AF}.Release|x86.Build.0 = Release|Win32
	EndGlobalSection
	GlobalSection(SolutionProperties) = preSolution
		HideSolutionNode = FALSE
	EndGlobalSection
	GlobalSection(ExtensibilityGlobals) = postSolution
		SolutionGuid = {93A4E099-937B-4388-8642-516D5F605B1D}
	EndGlobalSection
EndGlobal
